
Microsoft Visual Studio Solution File, Format Version 12.00
# Visual Studio Version 16
VisualStudioVersion = 16.0.28917.181
MinimumVisualStudioVersion = 10.0.40219.1
Project("{F5034706-568F-408A-B7B3-4D38C6DB8A32}") = "PSModule", "jnADMonitor-v3\PSModule.pssproj", "{5D9CE98B-7F2D-4CEB-AEC8-B464DAE908FC}"
EndProject
Project("{F5034706-568F-408A-B7B3-4D38C6DB8A32}") = "ExchangeConfig", "ExchangeConfig\ExchangeConfig.pssproj", "{02E86FE6-AF25-437D-AE5B-554F997336C7}"
EndProject
Project("{F5034706-568F-408A-B7B3-4D38C6DB8A32}") = "PowerShellModuleProject1", "PowerShellModuleProject1\PowerShellModuleProject1.pssproj", "{25D9653F-45B5-4120-8204-744447E9883E}"
EndProject
Project("{F5034706-568F-408A-B7B3-4D38C6DB8A32}") = "PowerShellProject1", "PowerShellProject1\PowerShellProject1.pssproj", "{6CAFC0C6-A428-4D30-A9F9-700E829FEA51}"
EndProject
Global
	GlobalSection(SolutionConfigurationPlatforms) = preSolution
		Debug|Any CPU = Debug|Any CPU
		Release|Any CPU = Release|Any CPU
	EndGlobalSection
	GlobalSection(ProjectConfigurationPlatforms) = postSolution
		{5D9CE98B-7F2D-4CEB-AEC8-B464DAE908FC}.Debug|Any CPU.ActiveCfg = Debug|Any CPU
		{5D9CE98B-7F2D-4CEB-AEC8-B464DAE908FC}.Debug|Any CPU.Build.0 = Debug|Any CPU
		{5D9CE98B-7F2D-4CEB-AEC8-B464DAE908FC}.Release|Any CPU.ActiveCfg = Release|Any CPU
		{5D9CE98B-7F2D-4CEB-AEC8-B464DAE908FC}.Release|Any CPU.Build.0 = Release|Any CPU
		{02E86FE6-AF25-437D-AE5B-554F997336C7}.Debug|Any CPU.ActiveCfg = Debug|Any CPU
		{02E86FE6-AF25-437D-AE5B-554F997336C7}.Debug|Any CPU.Build.0 = Debug|Any CPU
		{02E86FE6-AF25-437D-AE5B-554F997336C7}.Release|Any CPU.ActiveCfg = Release|Any CPU
		{02E86FE6-AF25-437D-AE5B-554F997336C7}.Release|Any CPU.Build.0 = Release|Any CPU
		{25D9653F-45B5-4120-8204-744447E9883E}.Debug|Any CPU.ActiveCfg = Debug|Any CPU
		{25D9653F-45B5-4120-8204-744447E9883E}.Debug|Any CPU.Build.0 = Debug|Any CPU
		{25D9653F-45B5-4120-8204-744447E9883E}.Release|Any CPU.ActiveCfg = Release|Any CPU
		{25D9653F-45B5-4120-8204-744447E9883E}.Release|Any CPU.Build.0 = Release|Any CPU
		{6CAFC0C6-A428-4D30-A9F9-700E829FEA51}.Debug|Any CPU.ActiveCfg = Debug|Any CPU
		{6CAFC0C6-A428-4D30-A9F9-700E829FEA51}.Debug|Any CPU.Build.0 = Debug|Any CPU
		{6CAFC0C6-A428-4D30-A9F9-700E829FEA51}.Release|Any CPU.ActiveCfg = Release|Any CPU
		{6CAFC0C6-A428-4D30-A9F9-700E829FEA51}.Release|Any CPU.Build.0 = Release|Any CPU
	EndGlobalSection
	GlobalSection(SolutionProperties) = preSolution
		HideSolutionNode = FALSE
	EndGlobalSection
	GlobalSection(ExtensibilityGlobals) = postSolution
		SolutionGuid = {DC7E0632-E2B6-4A86-ABA3-1CDE6C223435}
	EndGlobalSection
EndGlobal
